
Microsoft Visual Studio Solution File, Format Version 12.00
# Visual Studio Version 16
VisualStudioVersion = 16.0.31229.75
MinimumVisualStudioVersion = 10.0.40219.1
Project("{2150E333-8FDC-42A3-9474-1A3956D46DE8}") = "Services", "Services", "{1ECF7F8E-6A91-4F43-8540-6027B8061A3B}"
EndProject
Project("{2150E333-8FDC-42A3-9474-1A3956D46DE8}") = "Catalog", "Catalog", "{AC1047BE-D830-44A1-936C-177E98FFB0BC}"
EndProject
Project("{9A19103F-16F7-4668-BE54-9A1E7A4F7556}") = "Catalog.API", "Services\Catalog\Catalog.API\Catalog.API.csproj", "{64BF132B-A201-481D-B012-A0CE4AAB2B53}"
EndProject
Project("{E53339B2-1760-4266-BCC7-CA923CBCF16C}") = "docker-compose", "docker-compose.dcproj", "{2ACAE0CA-8696-4471-8277-B84701DC5757}"
EndProject
Project("{2150E333-8FDC-42A3-9474-1A3956D46DE8}") = "Basket", "Basket", "{0E9ACFD5-46D4-4652-9CCF-8206DFE5CEC0}"
EndProject
Project("{FAE04EC0-301F-11D3-BF4B-00C04F79EFBC}") = "Basket.API", "Services\Basket\Basket.API\Basket.API.csproj", "{4FCF3D47-9C08-4262-9D7E-4CEFBA3F4A6B}"
EndProject
Global
	GlobalSection(SolutionConfigurationPlatforms) = preSolution
		Debug|Any CPU = Debug|Any CPU
		Release|Any CPU = Release|Any CPU
	EndGlobalSection
	GlobalSection(ProjectConfigurationPlatforms) = postSolution
		{64BF132B-A201-481D-B012-A0CE4AAB2B53}.Debug|Any CPU.ActiveCfg = Debug|Any CPU
		{64BF132B-A201-481D-B012-A0CE4AAB2B53}.Debug|Any CPU.Build.0 = Debug|Any CPU
		{64BF132B-A201-481D-B012-A0CE4AAB2B53}.Release|Any CPU.ActiveCfg = Release|Any CPU
		{64BF132B-A201-481D-B012-A0CE4AAB2B53}.Release|Any CPU.Build.0 = Release|Any CPU
		{2ACAE0CA-8696-4471-8277-B84701DC5757}.Debug|Any CPU.ActiveCfg = Debug|Any CPU
		{2ACAE0CA-8696-4471-8277-B84701DC5757}.Debug|Any CPU.Build.0 = Debug|Any CPU
		{2ACAE0CA-8696-4471-8277-B84701DC5757}.Release|Any CPU.ActiveCfg = Release|Any CPU
		{2ACAE0CA-8696-4471-8277-B84701DC5757}.Release|Any CPU.Build.0 = Release|Any CPU
		{4FCF3D47-9C08-4262-9D7E-4CEFBA3F4A6B}.Debug|Any CPU.ActiveCfg = Debug|Any CPU
		{4FCF3D47-9C08-4262-9D7E-4CEFBA3F4A6B}.Debug|Any CPU.Build.0 = Debug|Any CPU
		{4FCF3D47-9C08-4262-9D7E-4CEFBA3F4A6B}.Release|Any CPU.ActiveCfg = Release|Any CPU
		{4FCF3D47-9C08-4262-9D7E-4CEFBA3F4A6B}.Release|Any CPU.Build.0 = Release|Any CPU
	EndGlobalSection
	GlobalSection(SolutionProperties) = preSolution
		HideSolutionNode = FALSE
	EndGlobalSection
	GlobalSection(NestedProjects) = preSolution
		{AC1047BE-D830-44A1-936C-177E98FFB0BC} = {1ECF7F8E-6A91-4F43-8540-6027B8061A3B}
		{64BF132B-A201-481D-B012-A0CE4AAB2B53} = {AC1047BE-D830-44A1-936C-177E98FFB0BC}
		{0E9ACFD5-46D4-4652-9CCF-8206DFE5CEC0} = {1ECF7F8E-6A91-4F43-8540-6027B8061A3B}
		{4FCF3D47-9C08-4262-9D7E-4CEFBA3F4A6B} = {0E9ACFD5-46D4-4652-9CCF-8206DFE5CEC0}
	EndGlobalSection
	GlobalSection(ExtensibilityGlobals) = postSolution
		SolutionGuid = {E5893C21-BBDF-459C-BCFA-D76B8101CDC5}
	EndGlobalSection
EndGlobal
