
Microsoft Visual Studio Solution File, Format Version 12.00
# Visual Studio Version 16
VisualStudioVersion = 16.0.31229.75
MinimumVisualStudioVersion = 10.0.40219.1
Project("{2150E333-8FDC-42A3-9474-1A3956D46DE8}") = "Services", "Services", "{1ECF7F8E-6A91-4F43-8540-6027B8061A3B}"
EndProject
Project("{2150E333-8FDC-42A3-9474-1A3956D46DE8}") = "Catalog", "Catalog", "{AC1047BE-D830-44A1-936C-177E98FFB0BC}"
EndProject
Project("{FAE04EC0-301F-11D3-BF4B-00C04F79EFBC}") = "Catalog.API", "Services\Catalog\Catalog.API\Catalog.API.csproj", "{64BF132B-A201-481D-B012-A0CE4AAB2B53}"
EndProject
Global
	GlobalSection(SolutionConfigurationPlatforms) = preSolution
		Debug|Any CPU = Debug|Any CPU
		Release|Any CPU = Release|Any CPU
	EndGlobalSection
	GlobalSection(ProjectConfigurationPlatforms) = postSolution
		{64BF132B-A201-481D-B012-A0CE4AAB2B53}.Debug|Any CPU.ActiveCfg = Debug|Any CPU
		{64BF132B-A201-481D-B012-A0CE4AAB2B53}.Debug|Any CPU.Build.0 = Debug|Any CPU
		{64BF132B-A201-481D-B012-A0CE4AAB2B53}.Release|Any CPU.ActiveCfg = Release|Any CPU
		{64BF132B-A201-481D-B012-A0CE4AAB2B53}.Release|Any CPU.Build.0 = Release|Any CPU
	EndGlobalSection
	GlobalSection(SolutionProperties) = preSolution
		HideSolutionNode = FALSE
	EndGlobalSection
	GlobalSection(NestedProjects) = preSolution
		{AC1047BE-D830-44A1-936C-177E98FFB0BC} = {1ECF7F8E-6A91-4F43-8540-6027B8061A3B}
		{64BF132B-A201-481D-B012-A0CE4AAB2B53} = {AC1047BE-D830-44A1-936C-177E98FFB0BC}
	EndGlobalSection
	GlobalSection(ExtensibilityGlobals) = postSolution
		SolutionGuid = {E5893C21-BBDF-459C-BCFA-D76B8101CDC5}
	EndGlobalSection
EndGlobal
